
Microsoft Visual Studio Solution File, Format Version 12.00
# Visual Studio Version 16
VisualStudioVersion = 16.0.29306.81
MinimumVisualStudioVersion = 10.0.40219.1
Project("{FAE04EC0-301F-11D3-BF4B-00C04F79EFBC}") = "CarbonFootPrint", "CarbonFootPrint.csproj", "{DB694279-DCD9-43FE-99A1-4C9FE905A939}"
EndProject
Global
	GlobalSection(SolutionConfigurationPlatforms) = preSolution
		Debug|Any CPU = Debug|Any CPU
		Release|Any CPU = Release|Any CPU
	EndGlobalSection
	GlobalSection(ProjectConfigurationPlatforms) = postSolution
		{DB694279-DCD9-43FE-99A1-4C9FE905A939}.Debug|Any CPU.ActiveCfg = Debug|Any CPU
		{DB694279-DCD9-43FE-99A1-4C9FE905A939}.Debug|Any CPU.Build.0 = Debug|Any CPU
		{DB694279-DCD9-43FE-99A1-4C9FE905A939}.Release|Any CPU.ActiveCfg = Release|Any CPU
		{DB694279-DCD9-43FE-99A1-4C9FE905A939}.Release|Any CPU.Build.0 = Release|Any CPU
	EndGlobalSection
	GlobalSection(SolutionProperties) = preSolution
		HideSolutionNode = FALSE
	EndGlobalSection
	GlobalSection(ExtensibilityGlobals) = postSolution
		SolutionGuid = {4DB0CA6D-18E3-48DB-AE29-A0A686976AFA}
	EndGlobalSection
EndGlobal
